
Microsoft Visual Studio Solution File, Format Version 12.00
# Visual Studio 15
VisualStudioVersion = 15.0.27004.2008
MinimumVisualStudioVersion = 10.0.40219.1
Project("{8BC9CEB8-8B4A-11D0-8D11-00A0C91BC942}") = "LinkedList", "LinkedList\LinkedList.vcxproj", "{88AF2991-7F64-4934-B27F-89E2BE8A404E}"
EndProject
Global
	GlobalSection(SolutionConfigurationPlatforms) = preSolution
		Debug|x64 = Debug|x64
		Debug|x86 = Debug|x86
		Release|x64 = Release|x64
		Release|x86 = Release|x86
	EndGlobalSection
	GlobalSection(ProjectConfigurationPlatforms) = postSolution
		{88AF2991-7F64-4934-B27F-89E2BE8A404E}.Debug|x64.ActiveCfg = Debug|x64
		{88AF2991-7F64-4934-B27F-89E2BE8A404E}.Debug|x64.Build.0 = Debug|x64
		{88AF2991-7F64-4934-B27F-89E2BE8A404E}.Debug|x86.ActiveCfg = Debug|Win32
		{88AF2991-7F64-4934-B27F-89E2BE8A404E}.Debug|x86.Build.0 = Debug|Win32
		{88AF2991-7F64-4934-B27F-89E2BE8A404E}.Release|x64.ActiveCfg = Release|x64
		{88AF2991-7F64-4934-B27F-89E2BE8A404E}.Release|x64.Build.0 = Release|x64
		{88AF2991-7F64-4934-B27F-89E2BE8A404E}.Release|x86.ActiveCfg = Release|Win32
		{88AF2991-7F64-4934-B27F-89E2BE8A404E}.Release|x86.Build.0 = Release|Win32
	EndGlobalSection
	GlobalSection(SolutionProperties) = preSolution
		HideSolutionNode = FALSE
	EndGlobalSection
	GlobalSection(ExtensibilityGlobals) = postSolution
		SolutionGuid = {C5D9DF81-BF9D-45FF-9693-74AF31BD1BB8}
	EndGlobalSection
EndGlobal
